
Microsoft Visual Studio Solution File, Format Version 12.00
# Visual Studio 2012
Project("{FAE04EC0-301F-11D3-BF4B-00C04F79EFBC}") = "SecretaryApp", "SecretaryProgram\SecretaryApp.csproj", "{AB4E7BAC-758F-424B-B1CF-DEB7ADEC93EA}"
EndProject
Global
	GlobalSection(SolutionConfigurationPlatforms) = preSolution
		Debug|x86 = Debug|x86
		Release|x86 = Release|x86
	EndGlobalSection
	GlobalSection(ProjectConfigurationPlatforms) = postSolution
		{AB4E7BAC-758F-424B-B1CF-DEB7ADEC93EA}.Debug|x86.ActiveCfg = Debug|x86
		{AB4E7BAC-758F-424B-B1CF-DEB7ADEC93EA}.Debug|x86.Build.0 = Debug|x86
		{AB4E7BAC-758F-424B-B1CF-DEB7ADEC93EA}.Release|x86.ActiveCfg = Release|x86
		{AB4E7BAC-758F-424B-B1CF-DEB7ADEC93EA}.Release|x86.Build.0 = Release|x86
	EndGlobalSection
	GlobalSection(SolutionProperties) = preSolution
		HideSolutionNode = FALSE
	EndGlobalSection
EndGlobal
